
Microsoft Visual Studio Solution File, Format Version 12.00
# Visual Studio Version 16
VisualStudioVersion = 16.0.29709.97
MinimumVisualStudioVersion = 10.0.40219.1
Project("{FAE04EC0-301F-11D3-BF4B-00C04F79EFBC}") = "Lab3-1", "Lab3-1.csproj", "{618F7865-5DA0-4435-BB35-C2149641BAA3}"
EndProject
Global
	GlobalSection(SolutionConfigurationPlatforms) = preSolution
		Debug|Any CPU = Debug|Any CPU
		Release|Any CPU = Release|Any CPU
	EndGlobalSection
	GlobalSection(ProjectConfigurationPlatforms) = postSolution
		{618F7865-5DA0-4435-BB35-C2149641BAA3}.Debug|Any CPU.ActiveCfg = Debug|Any CPU
		{618F7865-5DA0-4435-BB35-C2149641BAA3}.Debug|Any CPU.Build.0 = Debug|Any CPU
		{618F7865-5DA0-4435-BB35-C2149641BAA3}.Release|Any CPU.ActiveCfg = Release|Any CPU
		{618F7865-5DA0-4435-BB35-C2149641BAA3}.Release|Any CPU.Build.0 = Release|Any CPU
	EndGlobalSection
	GlobalSection(SolutionProperties) = preSolution
		HideSolutionNode = FALSE
	EndGlobalSection
	GlobalSection(ExtensibilityGlobals) = postSolution
		SolutionGuid = {F5E0FDE9-4D96-4921-BCAE-AD5575B27E68}
	EndGlobalSection
EndGlobal
